<?xml version="1.0" encoding="utf-8"?>
<Project ToolsVersion="4.0" xmlns="http://schemas.microsoft.com/developer/msbuild/2003">
  <ItemGroup>
    <Filter Include="Scenes">
      <UniqueIdentifier>{5815f7db-2606-4a9a-bb95-88dfabdda6c1}</UniqueIdentifier>
    </Filter>
    <Filter Include="Game Objects">
      <UniqueIdentifier>{4df01ff0-0e04-4c4d-ac5d-b7efa07fd705}</UniqueIdentifier>
    </Filter>
    <Filter Include="Managers">
      <UniqueIdentifier>{51ce5c17-6a00-499a-87ee-383140ca7329}</UniqueIdentifier>
    </Filter>
    <Filter Include="Enums">
      <UniqueIdentifier>{69bcf506-2bc6-4cdf-8f1d-6d6aff28c8e3}</UniqueIdentifier>
    </Filter>
    <Filter Include="UI Objects">
      <UniqueIdentifier>{13b438a9-fe07-4e57-b35e-8520b0f63a82}</UniqueIdentifier>
    </Filter>
    <Filter Include="Components">
      <UniqueIdentifier>{b7c412c5-8c88-4ab0-9c43-1843d4be5de1}</UniqueIdentifier>
    </Filter>
    <Filter Include="Singletons">
      <UniqueIdentifier>{9203a419-8eff-43d5-ba62-a14ed1c0da55}</UniqueIdentifier>
    </Filter>
    <Filter Include="Core">
      <UniqueIdentifier>{21657abb-080f-4d0e-bc26-e9581cebc5a3}</UniqueIdentifier>
    </Filter>
    <Filter Include="IMGUI">
      <UniqueIdentifier>{c2c3b1d2-add5-45c2-af91-b66dda24fa0d}</UniqueIdentifier>
    </Filter>
    <Filter Include="DOCS">
      <UniqueIdentifier>{a44d29c3-2835-4901-a310-0039121b84b9}</UniqueIdentifier>
    </Filter>
    <Filter Include="Sounds and Music">
      <UniqueIdentifier>{e64e62a7-837a-41d4-89b0-d0fd58366ad0}</UniqueIdentifier>
    </Filter>
    <Filter Include="Game Objects\Items">
      <UniqueIdentifier>{69646f31-e667-4a35-8df3-d1de29b3aa96}</UniqueIdentifier>
    </Filter>
    <Filter Include="Game Objects\Platforms">
      <UniqueIdentifier>{08997f94-0d80-482f-8364-c2e8608fd910}</UniqueIdentifier>
    </Filter>
    <Filter Include="Game Objects\Backgrounds">
      <UniqueIdentifier>{0af95eff-47f1-45fc-b3f6-b528513ac368}</UniqueIdentifier>
    </Filter>
    <Filter Include="Game Objects\Enemies and Player">
      <UniqueIdentifier>{22499801-4900-4b05-b518-bb02e319d500}</UniqueIdentifier>
    </Filter>
    <Filter Include="TileMap">
      <UniqueIdentifier>{6fcc4627-fce0-4f4e-944f-1b926c3285de}</UniqueIdentifier>
    </Filter>
    <Filter Include="Scenes\Levels">
      <UniqueIdentifier>{907bb433-2cd0-471c-875d-e518ebbbe536}</UniqueIdentifier>
    </Filter>
    <Filter Include="Scenes\GameStateScenes">
      <UniqueIdentifier>{666edbb3-056c-4d4a-b2bc-af50916c0334}</UniqueIdentifier>
    </Filter>
  </ItemGroup>
  <ItemGroup>
    <ClCompile Include="..\src\CollisionManager.cpp">
      <Filter>Managers</Filter>
    </ClCompile>
    <ClCompile Include="..\src\FontManager.cpp">
      <Filter>Managers</Filter>
    </ClCompile>
    <ClCompile Include="..\src\SoundManager.cpp">
      <Filter>Managers</Filter>
    </ClCompile>
    <ClCompile Include="..\src\TextureManager.cpp">
      <Filter>Managers</Filter>
    </ClCompile>
    <ClCompile Include="..\src\Button.cpp">
      <Filter>UI Objects</Filter>
    </ClCompile>
    <ClCompile Include="..\src\Label.cpp">
      <Filter>UI Objects</Filter>
    </ClCompile>
    <ClCompile Include="..\src\Renderer.cpp">
      <Filter>Singletons</Filter>
    </ClCompile>
    <ClCompile Include="..\src\EventManager.cpp">
      <Filter>Managers</Filter>
    </ClCompile>
    <ClCompile Include="..\src\Util.cpp">
      <Filter>Core</Filter>
    </ClCompile>
    <ClCompile Include="..\src\DisplayObject.cpp">
      <Filter>Core</Filter>
    </ClCompile>
    <ClCompile Include="..\src\GameController.cpp">
      <Filter>Core</Filter>
    </ClCompile>
    <ClCompile Include="..\src\GameObject.cpp">
      <Filter>Core</Filter>
    </ClCompile>
    <ClCompile Include="..\src\main.cpp">
      <Filter>Core</Filter>
    </ClCompile>
    <ClCompile Include="..\src\Scene.cpp">
      <Filter>Core</Filter>
    </ClCompile>
    <ClCompile Include="..\src\SpriteSheet.cpp">
      <Filter>Core</Filter>
    </ClCompile>
    <ClCompile Include="..\src\UIControl.cpp">
      <Filter>Core</Filter>
    </ClCompile>
    <ClCompile Include="..\src\Sprite.cpp">
      <Filter>Core</Filter>
    </ClCompile>
    <ClCompile Include="..\include\IMGUI_SDL\imgui_sdl.cpp">
      <Filter>IMGUI</Filter>
    </ClCompile>
    <ClCompile Include="..\include\IMGUI\imgui.cpp">
      <Filter>IMGUI</Filter>
    </ClCompile>
    <ClCompile Include="..\include\IMGUI\imgui_demo.cpp">
      <Filter>IMGUI</Filter>
    </ClCompile>
    <ClCompile Include="..\include\IMGUI\imgui_draw.cpp">
      <Filter>IMGUI</Filter>
    </ClCompile>
    <ClCompile Include="..\include\IMGUI\imgui_widgets.cpp">
      <Filter>IMGUI</Filter>
    </ClCompile>
    <ClCompile Include="..\src\AlienBlaster.cpp">
      <Filter>Game Objects\Items</Filter>
    </ClCompile>
    <ClCompile Include="..\src\Fish.cpp">
      <Filter>Game Objects\Items</Filter>
    </ClCompile>
    <ClCompile Include="..\src\Platform.cpp">
      <Filter>Game Objects\Platforms</Filter>
    </ClCompile>
    <ClCompile Include="..\src\FreezerBackground.cpp">
      <Filter>Game Objects\Backgrounds</Filter>
    </ClCompile>
    <ClCompile Include="..\src\Floor.cpp">
      <Filter>Game Objects\Platforms</Filter>
    </ClCompile>
    <ClCompile Include="..\src\SpaceBackground.cpp">
      <Filter>Game Objects\Backgrounds</Filter>
    </ClCompile>
    <ClCompile Include="..\src\TitleBackground.cpp">
      <Filter>Game Objects\Backgrounds</Filter>
    </ClCompile>
    <ClCompile Include="..\src\Icicle.cpp">
      <Filter>Game Objects\Items</Filter>
    </ClCompile>
    <ClCompile Include="..\src\IceBlaster.cpp">
      <Filter>Game Objects\Items</Filter>
    </ClCompile>
    <ClCompile Include="..\src\Enemy.cpp">
      <Filter>Game Objects\Enemies and Player</Filter>
    </ClCompile>
    <ClCompile Include="..\src\Player.cpp">
      <Filter>Game Objects\Enemies and Player</Filter>
    </ClCompile>
    <ClCompile Include="..\src\BlasterBullet.cpp">
      <Filter>Game Objects\Items</Filter>
    </ClCompile>
    <ClCompile Include="..\src\HealthUI.cpp">
      <Filter>Game Objects\Enemies and Player</Filter>
    </ClCompile>
    <ClCompile Include="..\src\WeaponUI.cpp">
      <Filter>Game Objects\Enemies and Player</Filter>
    </ClCompile>
    <ClCompile Include="..\src\StoryBackground.cpp">
      <Filter>Game Objects\Backgrounds</Filter>
    </ClCompile>
    <ClCompile Include="..\src\Game.cpp">
      <Filter>Singletons</Filter>
    </ClCompile>
    <ClCompile Include="..\src\Level.cpp">
      <Filter>TileMap</Filter>
    </ClCompile>
    <ClCompile Include="..\src\Tile.cpp">
      <Filter>TileMap</Filter>
    </ClCompile>
    <ClCompile Include="..\src\TileMap.cpp">
      <Filter>TileMap</Filter>
    </ClCompile>
    <ClCompile Include="..\src\Gregory.cpp">
      <Filter>Game Objects\Enemies and Player</Filter>
    </ClCompile>
    <ClCompile Include="..\src\EngineBackground.cpp">
      <Filter>Game Objects\Backgrounds</Filter>
    </ClCompile>
    <ClCompile Include="..\src\GregoryHealthBar.cpp">
      <Filter>Game Objects\Enemies and Player</Filter>
    </ClCompile>
    <ClCompile Include="..\src\GregoryBullet.cpp">
      <Filter>Game Objects\Items</Filter>
    </ClCompile>
    <ClCompile Include="..\src\BossLevel.cpp">
      <Filter>Scenes\Levels</Filter>
    </ClCompile>
    <ClCompile Include="..\src\LevelTwo.cpp">
      <Filter>Scenes\Levels</Filter>
    </ClCompile>
    <ClCompile Include="..\src\LevelOne.cpp">
      <Filter>Scenes\Levels</Filter>
    </ClCompile>
    <ClCompile Include="..\src\EndScene.cpp">
      <Filter>Scenes\GameStateScenes</Filter>
    </ClCompile>
    <ClCompile Include="..\src\PauseScene.cpp">
      <Filter>Scenes\GameStateScenes</Filter>
    </ClCompile>
    <ClCompile Include="..\src\StartScene.cpp">
      <Filter>Scenes\GameStateScenes</Filter>
    </ClCompile>
    <ClCompile Include="..\src\StoryScene.cpp">
      <Filter>Scenes\GameStateScenes</Filter>
    </ClCompile>
    <ClCompile Include="..\src\WinScene.cpp">
      <Filter>Scenes\GameStateScenes</Filter>
    </ClCompile>
    <ClCompile Include="..\src\BossDecoration.cpp">
      <Filter>Game Objects\Backgrounds</Filter>
    </ClCompile>
  </ItemGroup>
  <ItemGroup>
    <ClInclude Include="..\src\CollisionManager.h">
      <Filter>Managers</Filter>
    </ClInclude>
    <ClInclude Include="..\src\FontManager.h">
      <Filter>Managers</Filter>
    </ClInclude>
    <ClInclude Include="..\src\SoundManager.h">
      <Filter>Managers</Filter>
    </ClInclude>
    <ClInclude Include="..\src\TextureManager.h">
      <Filter>Managers</Filter>
    </ClInclude>
    <ClInclude Include="..\src\GameObjectType.h">
      <Filter>Enums</Filter>
    </ClInclude>
    <ClInclude Include="..\src\SceneState.h">
      <Filter>Enums</Filter>
    </ClInclude>
    <ClInclude Include="..\src\PlayerAnimationState.h">
      <Filter>Enums</Filter>
    </ClInclude>
    <ClInclude Include="..\src\CollisionShape.h">
      <Filter>Enums</Filter>
    </ClInclude>
    <ClInclude Include="..\src\ShapeType.h">
      <Filter>Enums</Filter>
    </ClInclude>
    <ClInclude Include="..\src\Event.h">
      <Filter>Enums</Filter>
    </ClInclude>
    <ClInclude Include="..\src\Button.h">
      <Filter>UI Objects</Filter>
    </ClInclude>
    <ClInclude Include="..\src\Label.h">
      <Filter>UI Objects</Filter>
    </ClInclude>
    <ClInclude Include="..\src\Transform.h">
      <Filter>Components</Filter>
    </ClInclude>
    <ClInclude Include="..\src\RigidBody.h">
      <Filter>Components</Filter>
    </ClInclude>
    <ClInclude Include="..\src\Renderer.h">
      <Filter>Singletons</Filter>
    </ClInclude>
    <ClInclude Include="..\src\Game.h">
      <Filter>Singletons</Filter>
    </ClInclude>
    <ClInclude Include="..\src\EventManager.h">
      <Filter>Managers</Filter>
    </ClInclude>
    <ClInclude Include="..\src\MouseButtons.h">
      <Filter>Enums</Filter>
    </ClInclude>
    <ClInclude Include="..\src\Animation.h">
      <Filter>Core</Filter>
    </ClInclude>
    <ClInclude Include="..\src\Config.h">
      <Filter>Core</Filter>
    </ClInclude>
    <ClInclude Include="..\src\DisplayObject.h">
      <Filter>Core</Filter>
    </ClInclude>
    <ClInclude Include="..\src\Frame.h">
      <Filter>Core</Filter>
    </ClInclude>
    <ClInclude Include="..\src\GameController.h">
      <Filter>Core</Filter>
    </ClInclude>
    <ClInclude Include="..\src\GameObject.h">
      <Filter>Core</Filter>
    </ClInclude>
    <ClInclude Include="..\src\Scene.h">
      <Filter>Core</Filter>
    </ClInclude>
    <ClInclude Include="..\src\SpriteSheet.h">
      <Filter>Core</Filter>
    </ClInclude>
    <ClInclude Include="..\src\Util.h">
      <Filter>Core</Filter>
    </ClInclude>
    <ClInclude Include="..\src\UIControl.h">
      <Filter>Core</Filter>
    </ClInclude>
    <ClInclude Include="..\src\Sprite.h">
      <Filter>Core</Filter>
    </ClInclude>
    <ClInclude Include="..\src\SoundType.h">
      <Filter>Enums</Filter>
    </ClInclude>
    <ClInclude Include="..\include\IMGUI_SDL\imgui_sdl.h">
      <Filter>IMGUI</Filter>
    </ClInclude>
    <ClInclude Include="..\include\IMGUI\imconfig.h">
      <Filter>IMGUI</Filter>
    </ClInclude>
    <ClInclude Include="..\include\IMGUI\imgui.h">
      <Filter>IMGUI</Filter>
    </ClInclude>
    <ClInclude Include="..\include\IMGUI\imgui_internal.h">
      <Filter>IMGUI</Filter>
    </ClInclude>
    <ClInclude Include="..\include\IMGUI\imstb_rectpack.h">
      <Filter>IMGUI</Filter>
    </ClInclude>
    <ClInclude Include="..\include\IMGUI\imstb_textedit.h">
      <Filter>IMGUI</Filter>
    </ClInclude>
    <ClInclude Include="..\include\IMGUI\imstb_truetype.h">
      <Filter>IMGUI</Filter>
    </ClInclude>
    <ClInclude Include="..\src\EnemyAnimationState.h">
      <Filter>Enums</Filter>
    </ClInclude>
    <ClInclude Include="..\src\AlienBlaster.h">
      <Filter>Game Objects\Items</Filter>
    </ClInclude>
    <ClInclude Include="..\src\Fish.h">
      <Filter>Game Objects\Items</Filter>
    </ClInclude>
    <ClInclude Include="..\src\Platform.h">
      <Filter>Game Objects\Platforms</Filter>
    </ClInclude>
    <ClInclude Include="..\src\FreezerBackground.h">
      <Filter>Game Objects\Backgrounds</Filter>
    </ClInclude>
    <ClInclude Include="..\src\Floor.h">
      <Filter>Game Objects\Platforms</Filter>
    </ClInclude>
    <ClInclude Include="..\src\SpaceBackground.h">
      <Filter>Game Objects\Backgrounds</Filter>
    </ClInclude>
    <ClInclude Include="..\src\TitleBackground.h">
      <Filter>Game Objects\Backgrounds</Filter>
    </ClInclude>
    <ClInclude Include="..\src\Icicle.h">
      <Filter>Game Objects\Items</Filter>
    </ClInclude>
    <ClInclude Include="..\src\IceBlaster.h">
      <Filter>Game Objects\Items</Filter>
    </ClInclude>
    <ClInclude Include="..\src\Enemy.h">
      <Filter>Game Objects\Enemies and Player</Filter>
    </ClInclude>
    <ClInclude Include="..\src\Player.h">
      <Filter>Game Objects\Enemies and Player</Filter>
    </ClInclude>
    <ClInclude Include="..\src\GregoryAnimationState.h">
      <Filter>Enums</Filter>
    </ClInclude>
    <ClInclude Include="..\src\PlatformType.h">
      <Filter>Enums</Filter>
    </ClInclude>
    <ClInclude Include="..\src\FloorType.h">
      <Filter>Enums</Filter>
    </ClInclude>
    <ClInclude Include="..\src\BlasterBullet.h">
      <Filter>Game Objects\Items</Filter>
    </ClInclude>
    <ClInclude Include="..\src\PlayerState.h">
      <Filter>Enums</Filter>
    </ClInclude>
    <ClInclude Include="..\src\HealthUI.h">
      <Filter>Game Objects\Enemies and Player</Filter>
    </ClInclude>
    <ClInclude Include="..\src\WeaponUI.h">
      <Filter>Game Objects\Enemies and Player</Filter>
    </ClInclude>
    <ClInclude Include="..\src\WeaponType.h">
      <Filter>Enums</Filter>
    </ClInclude>
    <ClInclude Include="..\src\StoryBackground.h">
      <Filter>Game Objects\Backgrounds</Filter>
    </ClInclude>
    <ClInclude Include="..\src\TileMap.h">
      <Filter>TileMap</Filter>
    </ClInclude>
    <ClInclude Include="..\src\Level.h">
      <Filter>TileMap</Filter>
    </ClInclude>
    <ClInclude Include="..\src\Tile.h">
      <Filter>TileMap</Filter>
    </ClInclude>
    <ClInclude Include="..\src\Gregory.h">
      <Filter>Game Objects\Enemies and Player</Filter>
    </ClInclude>
    <ClInclude Include="..\src\EngineBackground.h">
      <Filter>Game Objects\Backgrounds</Filter>
    </ClInclude>
    <ClInclude Include="..\src\GregoryHealthBar.h">
      <Filter>Game Objects\Enemies and Player</Filter>
    </ClInclude>
    <ClInclude Include="..\src\GregoryBullet.h">
      <Filter>Game Objects\Items</Filter>
    </ClInclude>
    <ClInclude Include="..\src\BossLevel.h">
      <Filter>Scenes\Levels</Filter>
    </ClInclude>
    <ClInclude Include="..\src\LevelTwo.h">
      <Filter>Scenes\Levels</Filter>
    </ClInclude>
    <ClInclude Include="..\src\LevelOne.h">
      <Filter>Scenes\Levels</Filter>
    </ClInclude>
    <ClInclude Include="..\src\EndScene.h">
      <Filter>Scenes\GameStateScenes</Filter>
    </ClInclude>
    <ClInclude Include="..\src\PauseScene.h">
      <Filter>Scenes\GameStateScenes</Filter>
    </ClInclude>
    <ClInclude Include="..\src\StartScene.h">
      <Filter>Scenes\GameStateScenes</Filter>
    </ClInclude>
    <ClInclude Include="..\src\StoryScene.h">
      <Filter>Scenes\GameStateScenes</Filter>
    </ClInclude>
    <ClInclude Include="..\src\WinScene.h">
      <Filter>Scenes\GameStateScenes</Filter>
    </ClInclude>
    <ClInclude Include="..\src\BossDecoration.h">
      <Filter>Game Objects\Backgrounds</Filter>
    </ClInclude>
  </ItemGroup>
  <ItemGroup>
    <None Include="..\README.md">
      <Filter>DOCS</Filter>
    </None>
  </ItemGroup>
  <ItemGroup>
    <Image Include="..\Assets\sprites\SpriteSheet.png" />
  </ItemGroup>
</Project>